// !$*UTF8*$!
{
	archiveVersion = 1;
	classes = {
	};
	objectVersion = 46;
	objects = {

/* Begin PBXBuildFile section */
		302488D51CBF811D002343AE /* AppDelegate.swift in Sources */ = {isa = PBXBuildFile; fileRef = 302488D41CBF811D002343AE /* AppDelegate.swift */; };
		302488D71CBF811D002343AE /* ViewController.swift in Sources */ = {isa = PBXBuildFile; fileRef = 302488D61CBF811D002343AE /* ViewController.swift */; };
		302488DA1CBF811D002343AE /* Main.storyboard in Resources */ = {isa = PBXBuildFile; fileRef = 302488D81CBF811D002343AE /* Main.storyboard */; };
		302488DC1CBF811D002343AE /* Assets.xcassets in Resources */ = {isa = PBXBuildFile; fileRef = 302488DB1CBF811D002343AE /* Assets.xcassets */; };
		302488DF1CBF811D002343AE /* LaunchScreen.storyboard in Resources */ = {isa = PBXBuildFile; fileRef = 302488DD1CBF811D002343AE /* LaunchScreen.storyboard */; };
/* End PBXBuildFile section */

/* Begin PBXFileReference section */
		302488D11CBF811D002343AE /* RGEliminationMenu.app */ = {isa = PBXFileReference; explicitFileType = wrapper.application; includeInIndex = 0; path = RGEliminationMenu.app; sourceTree = BUILT_PRODUCTS_DIR; };
		302488D41CBF811D002343AE /* AppDelegate.swift */ = {isa = PBXFileReference; lastKnownFileType = sourcecode.swift; path = AppDelegate.swift; sourceTree = "<group>"; };
		302488D61CBF811D002343AE /* ViewController.swift */ = {isa = PBXFileReference; lastKnownFileType = sourcecode.swift; path = ViewController.swift; sourceTree = "<group>"; };
		302488D91CBF811D002343AE /* Base */ = {isa = PBXFileReference; lastKnownFileType = file.storyboard; name = Base; path = Base.lproj/Main.storyboard; sourceTree = "<group>"; };
		302488DB1CBF811D002343AE /* Assets.xcassets */ = {isa = PBXFileReference; lastKnownFileType = folder.assetcatalog; path = Assets.xcassets; sourceTree = "<group>"; };
		302488DE1CBF811D002343AE /* Base */ = {isa = PBXFileReference; lastKnownFileType = file.storyboard; name = Base; path = Base.lproj/LaunchScreen.storyboard; sourceTree = "<group>"; };
		302488E01CBF811D002343AE /* Info.plist */ = {isa = PBXFileReference; lastKnownFileType = text.plist.xml; path = Info.plist; sourceTree = "<group>"; };
/* End PBXFileReference section */

/* Begin PBXFrameworksBuildPhase section */
		302488CE1CBF811D002343AE /* Frameworks */ = {
			isa = PBXFrameworksBuildPhase;
			buildActionMask = 2147483647;
			files = (
			);
			runOnlyForDeploymentPostprocessing = 0;
		};
/* End PBXFrameworksBuildPhase section */

/* Begin PBXGroup section */
		302488C81CBF811D002343AE = {
			isa = PBXGroup;
			children = (
				302488D31CBF811D002343AE /* RGEliminationMenu */,
				302488D21CBF811D002343AE /* Products */,
			);
			sourceTree = "<group>";
		};
		302488D21CBF811D002343AE /* Products */ = {
			isa = PBXGroup;
			children = (
				302488D11CBF811D002343AE /* RGEliminationMenu.app */,
			);
			name = Products;
			sourceTree = "<group>";
		};
		302488D31CBF811D002343AE /* RGEliminationMenu */ = {
			isa = PBXGroup;
			children = (
				302488D41CBF811D002343AE /* AppDelegate.swift */,
				302488D61CBF811D002343AE /* ViewController.swift */,
				302488D81CBF811D002343AE /* Main.storyboard */,
				302488DB1CBF811D002343AE /* Assets.xcassets */,
				302488DD1CBF811D002343AE /* LaunchScreen.storyboard */,
				302488E01CBF811D002343AE /* Info.plist */,
			);
			path = RGEliminationMenu;
			sourceTree = "<group>";
		};
/* End PBXGroup section */

/* Begin PBXNativeTarget section */
		302488D01CBF811D002343AE /* RGEliminationMenu */ = {
			isa = PBXNativeTarget;
			buildConfigurationList = 302488E31CBF811D002343AE /* Build configuration list for PBXNativeTarget "RGEliminationMenu" */;
			buildPhases = (
				302488CD1CBF811D002343AE /* Sources */,
				302488CE1CBF811D002343AE /* Frameworks */,
				302488CF1CBF811D002343AE /* Resources */,
			);
			buildRules = (
			);
			dependencies = (
			);
			name = RGEliminationMenu;
			productName = RGEliminationMenu;
			productReference = 302488D11CBF811D002343AE /* RGEliminationMenu.app */;
			productType = "com.apple.product-type.application";
		};
/* End PBXNativeTarget section */

/* Begin PBXProject section */
		302488C91CBF811D002343AE /* Project object */ = {
			isa = PBXProject;
			attributes = {
				LastSwiftUpdateCheck = 0730;
				LastUpgradeCheck = 0730;
				ORGANIZATIONNAME = "Roman Gille";
				TargetAttributes = {
					302488D01CBF811D002343AE = {
						CreatedOnToolsVersion = 7.3;
					};
				};
			};
			buildConfigurationList = 302488CC1CBF811D002343AE /* Build configuration list for PBXProject "RGEliminationMenu" */;
			compatibilityVersion = "Xcode 3.2";
			developmentRegion = English;
			hasScannedForEncodings = 0;
			knownRegions = (
				en,
				Base,
			);
			mainGroup = 302488C81CBF811D002343AE;
			productRefGroup = 302488D21CBF811D002343AE /* Products */;
			projectDirPath = "";
			projectRoot = "";
			targets = (
				302488D01CBF811D002343AE /* RGEliminationMenu */,
			);
		};
/* End PBXProject section */

/* Begin PBXResourcesBuildPhase section */
		302488CF1CBF811D002343AE /* Resources */ = {
			isa = PBXResourcesBuildPhase;
			buildActionMask = 2147483647;
			files = (
				302488DF1CBF811D002343AE /* LaunchScreen.storyboard in Resources */,
				302488DC1CBF811D002343AE /* Assets.xcassets in Resources */,
				302488DA1CBF811D002343AE /* Main.storyboard in Resources */,
			);
			runOnlyForDeploymentPostprocessing = 0;
		};
/* End PBXResourcesBuildPhase section */

/* Begin PBXSourcesBuildPhase section */
		302488CD1CBF811D002343AE /* Sources */ = {
			isa = PBXSourcesBuildPhase;
			buildActionMask = 2147483647;
			files = (
				302488D71CBF811D002343AE /* ViewController.swift in Sources */,
				302488D51CBF811D002343AE /* AppDelegate.swift in Sources */,
			);
			runOnlyForDeploymentPostprocessing = 0;
		};
/* End PBXSourcesBuildPhase section */

/* Begin PBXVariantGroup section */
		302488D81CBF811D002343AE /* Main.storyboard */ = {
			isa = PBXVariantGroup;
			children = (
				302488D91CBF811D002343AE /* Base */,
			);
			name = Main.storyboard;
			sourceTree = "<group>";
		};
		302488DD1CBF811D002343AE /* LaunchScreen.storyboard */ = {
			isa = PBXVariantGroup;
			children = (
				302488DE1CBF811D002343AE /* Base */,
			);
			name = LaunchScreen.storyboard;
			sourceTree = "<group>";
		};
/* End PBXVariantGroup section */

/* Begin XCBuildConfiguration section */
		302488E11CBF811D002343AE /* Debug */ = {
			isa = XCBuildConfiguration;
			buildSettings = {
				ALWAYS_SEARCH_USER_PATHS = NO;
				CLANG_ANALYZER_NONNULL = YES;
				CLANG_CXX_LANGUAGE_STANDARD = "gnu++0x";
				CLANG_CXX_LIBRARY = "libc++";
				CLANG_ENABLE_MODULES = YES;
				CLANG_ENABLE_OBJC_ARC = YES;
				CLANG_WARN_BOOL_CONVERSION = YES;
				CLANG_WARN_CONSTANT_CONVERSION = YES;
				CLANG_WARN_DIRECT_OBJC_ISA_USAGE = YES_ERROR;
				CLANG_WARN_EMPTY_BODY = YES;
				CLANG_WARN_ENUM_CONVERSION = YES;
				CLANG_WARN_INT_CONVERSION = YES;
				CLANG_WARN_OBJC_ROOT_CLASS = YES_ERROR;
				CLANG_WARN_UNREACHABLE_CODE = YES;
				CLANG_WARN__DUPLICATE_METHOD_MATCH = YES;
				"CODE_SIGN_IDENTITY[sdk=iphoneos*]" = "iPhone Developer";
				COPY_PHASE_STRIP = NO;
				DEBUG_INFORMATION_FORMAT = dwarf;
				ENABLE_STRICT_OBJC_MSGSEND = YES;
				ENABLE_TESTABILITY = YES;
				GCC_C_LANGUAGE_STANDARD = gnu99;
				GCC_DYNAMIC_NO_PIC = NO;
				GCC_NO_COMMON_BLOCKS = YES;
				GCC_OPTIMIZATION_LEVEL = 0;
				GCC_PREPROCESSOR_DEFINITIONS = (
					"DEBUG=1",
					"$(inherited)",
				);
				GCC_WARN_64_TO_32_BIT_CONVERSION = YES;
				GCC_WARN_ABOUT_RETURN_TYPE = YES_ERROR;
				GCC_WARN_UNDECLARED_SELECTOR = YES;
				GCC_WARN_UNINITIALIZED_AUTOS = YES_AGGRESSIVE;
				GCC_WARN_UNUSED_FUNCTION = YES;
				GCC_WARN_UNUSED_VARIABLE = YES;
				IPHONEOS_DEPLOYMENT_TARGET = 9.3;
				MTL_ENABLE_DEBUG_INFO = YES;
				ONLY_ACTIVE_ARCH = YES;
				SDKROOT = iphoneos;
				SWIFT_OPTIMIZATION_LEVEL = "-Onone";
			};
			name = Debug;
		};
		302488E21CBF811D002343AE /* Release */ = {
			isa = XCBuildConfiguration;
			buildSettings = {
				ALWAYS_SEARCH_USER_PATHS = NO;
				CLANG_ANALYZER_NONNULL = YES;
				CLANG_CXX_LANGUAGE_STANDARD = "gnu++0x";
				CLANG_CXX_LIBRARY = "libc++";
				CLANG_ENABLE_MODULES = YES;
				CLANG_ENABLE_OBJC_ARC = YES;
				CLANG_WARN_BOOL_CONVERSION = YES;
				CLANG_WARN_CONSTANT_CONVERSION = YES;
				CLANG_WARN_DIRECT_OBJC_ISA_USAGE = YES_ERROR;
				CLANG_WARN_EMPTY_BODY = YES;
				CLANG_WARN_ENUM_CONVERSION = YES;
				CLANG_WARN_INT_CONVERSION = YES;
				CLANG_WARN_OBJC_ROOT_CLASS = YES_ERROR;
				CLANG_WARN_UNREACHABLE_CODE = YES;
				CLANG_WARN__DUPLICATE_METHOD_MATCH = YES;
				"CODE_SIGN_IDENTITY[sdk=iphoneos*]" = "iPhone Developer";
				COPY_PHASE_STRIP = NO;
				DEBUG_INFORMATION_FORMAT = "dwarf-with-dsym";
				ENABLE_NS_ASSERTIONS = NO;
				ENABLE_STRICT_OBJC_MSGSEND = YES;
				GCC_C_LANGUAGE_STANDARD = gnu99;
				GCC_NO_COMMON_BLOCKS = YES;
				GCC_WARN_64_TO_32_BIT_CONVERSION = YES;
				GCC_WARN_ABOUT_RETURN_TYPE = YES_ERROR;
				GCC_WARN_UNDECLARED_SELECTOR = YES;
				GCC_WARN_UNINITIALIZED_AUTOS = YES_AGGRESSIVE;
				GCC_WARN_UNUSED_FUNCTION = YES;
				GCC_WARN_UNUSED_VARIABLE = YES;
				IPHONEOS_DEPLOYMENT_TARGET = 9.3;
				MTL_ENABLE_DEBUG_INFO = NO;
				SDKROOT = iphoneos;
				VALIDATE_PRODUCT = YES;
			};
			name = Release;
		};
		302488E41CBF811D002343AE /* Debug */ = {
			isa = XCBuildConfiguration;
			buildSettings = {
				ASSETCATALOG_COMPILER_APPICON_NAME = AppIcon;
				INFOPLIST_FILE = RGEliminationMenu/Info.plist;
				LD_RUNPATH_SEARCH_PATHS = "$(inherited) @executable_path/Frameworks";
				PRODUCT_BUNDLE_IDENTIFIER = rg.RGEliminationMenu;
				PRODUCT_NAME = "$(TARGET_NAME)";
			};
			name = Debug;
		};
		302488E51CBF811D002343AE /* Release */ = {
			isa = XCBuildConfiguration;
			buildSettings = {
				ASSETCATALOG_COMPILER_APPICON_NAME = AppIcon;
				INFOPLIST_FILE = RGEliminationMenu/Info.plist;
				LD_RUNPATH_SEARCH_PATHS = "$(inherited) @executable_path/Frameworks";
				PRODUCT_BUNDLE_IDENTIFIER = rg.RGEliminationMenu;
				PRODUCT_NAME = "$(TARGET_NAME)";
			};
			name = Release;
		};
/* End XCBuildConfiguration section */

/* Begin XCConfigurationList section */
		302488CC1CBF811D002343AE /* Build configuration list for PBXProject "RGEliminationMenu" */ = {
			isa = XCConfigurationList;
			buildConfigurations = (
				302488E11CBF811D002343AE /* Debug */,
				302488E21CBF811D002343AE /* Release */,
			);
			defaultConfigurationIsVisible = 0;
			defaultConfigurationName = Release;
		};
		302488E31CBF811D002343AE /* Build configuration list for PBXNativeTarget "RGEliminationMenu" */ = {
			isa = XCConfigurationList;
			buildConfigurations = (
				302488E41CBF811D002343AE /* Debug */,
				302488E51CBF811D002343AE /* Release */,
			);
			defaultConfigurationIsVisible = 0;
		};
/* End XCConfigurationList section */
	};
	rootObject = 302488C91CBF811D002343AE /* Project object */;
}
